
Microsoft Visual Studio Solution File, Format Version 12.00
# Visual Studio Version 17
VisualStudioVersion = 17.1.32228.430
MinimumVisualStudioVersion = 10.0.40219.1
Project("{9A19103F-16F7-4668-BE54-9A1E7A4F7556}") = "RegExponent.WinForms", "src\RegExponent.WinForms\RegExponent.WinForms.csproj", "{D4520457-0D42-461C-A224-286A23DF4BA5}"
EndProject
Global
	GlobalSection(SolutionConfigurationPlatforms) = preSolution
		Debug|Any CPU = Debug|Any CPU
		Release|Any CPU = Release|Any CPU
	EndGlobalSection
	GlobalSection(ProjectConfigurationPlatforms) = postSolution
		{D4520457-0D42-461C-A224-286A23DF4BA5}.Debug|Any CPU.ActiveCfg = Debug|Any CPU
		{D4520457-0D42-461C-A224-286A23DF4BA5}.Debug|Any CPU.Build.0 = Debug|Any CPU
		{D4520457-0D42-461C-A224-286A23DF4BA5}.Release|Any CPU.ActiveCfg = Release|Any CPU
		{D4520457-0D42-461C-A224-286A23DF4BA5}.Release|Any CPU.Build.0 = Release|Any CPU
	EndGlobalSection
	GlobalSection(SolutionProperties) = preSolution
		HideSolutionNode = FALSE
	EndGlobalSection
	GlobalSection(ExtensibilityGlobals) = postSolution
		SolutionGuid = {35EC571B-02AC-4AA2-B88B-D262D67060BE}
	EndGlobalSection
EndGlobal
