
Microsoft Visual Studio Solution File, Format Version 12.00
# Visual Studio Version 17
VisualStudioVersion = 17.2.32505.173
MinimumVisualStudioVersion = 10.0.40219.1
Project("{9A19103F-16F7-4668-BE54-9A1E7A4F7556}") = "RegExponent", "..\src\RegExponent\RegExponent.csproj", "{E44CBA98-77EC-4585-8F84-6D1851CEB7D4}"
EndProject
Global
	GlobalSection(SolutionConfigurationPlatforms) = preSolution
		Debug|Any CPU = Debug|Any CPU
		Release|Any CPU = Release|Any CPU
	EndGlobalSection
	GlobalSection(ProjectConfigurationPlatforms) = postSolution
		{E44CBA98-77EC-4585-8F84-6D1851CEB7D4}.Debug|Any CPU.ActiveCfg = Debug|Any CPU
		{E44CBA98-77EC-4585-8F84-6D1851CEB7D4}.Debug|Any CPU.Build.0 = Debug|Any CPU
		{E44CBA98-77EC-4585-8F84-6D1851CEB7D4}.Release|Any CPU.ActiveCfg = Release|Any CPU
		{E44CBA98-77EC-4585-8F84-6D1851CEB7D4}.Release|Any CPU.Build.0 = Release|Any CPU
	EndGlobalSection
	GlobalSection(SolutionProperties) = preSolution
		HideSolutionNode = FALSE
	EndGlobalSection
	GlobalSection(ExtensibilityGlobals) = postSolution
		SolutionGuid = {237D0A22-61D9-4CA3-A357-A7FF4912E02A}
	EndGlobalSection
EndGlobal
